
Microsoft Visual Studio Solution File, Format Version 12.00
# Visual Studio 15
VisualStudioVersion = 15.0.28307.1684
MinimumVisualStudioVersion = 10.0.40219.1
Project("{8BC9CEB8-8B4A-11D0-8D11-00A0C91BC942}") = "02 CStaticText", "02 CStaticText\02 CStaticText.vcxproj", "{CBDF9465-772C-455D-BA87-4251414E8929}"
EndProject
Global
	GlobalSection(SolutionConfigurationPlatforms) = preSolution
		Debug|x64 = Debug|x64
		Debug|x86 = Debug|x86
		Release|x64 = Release|x64
		Release|x86 = Release|x86
	EndGlobalSection
	GlobalSection(ProjectConfigurationPlatforms) = postSolution
		{CBDF9465-772C-455D-BA87-4251414E8929}.Debug|x64.ActiveCfg = Debug|x64
		{CBDF9465-772C-455D-BA87-4251414E8929}.Debug|x64.Build.0 = Debug|x64
		{CBDF9465-772C-455D-BA87-4251414E8929}.Debug|x86.ActiveCfg = Debug|Win32
		{CBDF9465-772C-455D-BA87-4251414E8929}.Debug|x86.Build.0 = Debug|Win32
		{CBDF9465-772C-455D-BA87-4251414E8929}.Release|x64.ActiveCfg = Release|x64
		{CBDF9465-772C-455D-BA87-4251414E8929}.Release|x64.Build.0 = Release|x64
		{CBDF9465-772C-455D-BA87-4251414E8929}.Release|x86.ActiveCfg = Release|Win32
		{CBDF9465-772C-455D-BA87-4251414E8929}.Release|x86.Build.0 = Release|Win32
	EndGlobalSection
	GlobalSection(SolutionProperties) = preSolution
		HideSolutionNode = FALSE
	EndGlobalSection
	GlobalSection(ExtensibilityGlobals) = postSolution
		SolutionGuid = {D5E68563-E527-49BB-B068-BF39809CF033}
	EndGlobalSection
EndGlobal
